
Microsoft Visual Studio Solution File, Format Version 12.00
# Visual Studio Version 17
VisualStudioVersion = 17.8.34330.188
MinimumVisualStudioVersion = 10.0.40219.1
Project("{9092AA53-FB77-4645-B42D-1CCCA6BD08BD}") = "ECommerce_Controllers", "ECommerce-Application\ECommerce_Controllers.njsproj", "{1661130B-FDD6-4EFE-96B8-20895C6C64F5}"
EndProject
Project("{9092AA53-FB77-4645-B42D-1CCCA6BD08BD}") = "ECommerce_Domain", "ECommerce_Domain\ECommerce_Domain.njsproj", "{4294E956-16E4-4F0A-BCBE-3CD54373E72A}"
EndProject
Global
	GlobalSection(SolutionConfigurationPlatforms) = preSolution
		Debug|Any CPU = Debug|Any CPU
		Release|Any CPU = Release|Any CPU
	EndGlobalSection
	GlobalSection(ProjectConfigurationPlatforms) = postSolution
		{1661130B-FDD6-4EFE-96B8-20895C6C64F5}.Debug|Any CPU.ActiveCfg = Debug|Any CPU
		{1661130B-FDD6-4EFE-96B8-20895C6C64F5}.Debug|Any CPU.Build.0 = Debug|Any CPU
		{1661130B-FDD6-4EFE-96B8-20895C6C64F5}.Release|Any CPU.ActiveCfg = Release|Any CPU
		{1661130B-FDD6-4EFE-96B8-20895C6C64F5}.Release|Any CPU.Build.0 = Release|Any CPU
		{4294E956-16E4-4F0A-BCBE-3CD54373E72A}.Debug|Any CPU.ActiveCfg = Debug|Any CPU
		{4294E956-16E4-4F0A-BCBE-3CD54373E72A}.Debug|Any CPU.Build.0 = Debug|Any CPU
		{4294E956-16E4-4F0A-BCBE-3CD54373E72A}.Release|Any CPU.ActiveCfg = Release|Any CPU
		{4294E956-16E4-4F0A-BCBE-3CD54373E72A}.Release|Any CPU.Build.0 = Release|Any CPU
	EndGlobalSection
	GlobalSection(SolutionProperties) = preSolution
		HideSolutionNode = FALSE
	EndGlobalSection
	GlobalSection(ExtensibilityGlobals) = postSolution
		SolutionGuid = {E8E50C33-A633-462A-890D-F23153BE7400}
	EndGlobalSection
EndGlobal
